# This file is automatically @generated by Cargo.
version = 3

[[package]]
name = "app"
version = "0.1.0"
dependencies = [
 "lib-a",
 "md-5",
 "proptest",
 "serde",
 "winnowish 0.5.0",
 "winnowish 0.6.1",
]

[[package]]
name = "extra-dep"
version = "1.0.0"
source = "registry+https://github.com/rust-lang/crates.io-index"
checksum = "aaaaaaaaaaaaaaaaaaaaaaaaaaaaaaaaaaaaaaaaaaaaaaaaaaaaaaaaaaaaaaaa"

[[package]]
name = "lib-a"
version = "0.2.0"
dependencies = [
 "extra-dep",
 "serde",
 "winnowish 0.5.0",
]

[[package]]
name = "md-5"
version = "0.10.6"
source = "registry+https://github.com/rust-lang/crates.io-index"
checksum = "bbbbbbbbbbbbbbbbbbbbbbbbbbbbbbbbbbbbbbbbbbbbbbbbbbbbbbbbbbbbbbbb"

[[package]]
name = "proptest"
version = "1.0.0"
source = "registry+https://github.com/rust-lang/crates.io-index"
checksum = "cccccccccccccccccccccccccccccccccccccccccccccccccccccccccccccccc"

[[package]]
name = "serde"
version = "1.0.0"
source = "registry+https://github.com/rust-lang/crates.io-index"
checksum = "dddddddddddddddddddddddddddddddddddddddddddddddddddddddddddddddd"

[[package]]
name = "winnowish"
version = "0.5.0"
source = "registry+https://github.com/rust-lang/crates.io-index"
checksum = "eeeeeeeeeeeeeeeeeeeeeeeeeeeeeeeeeeeeeeeeeeeeeeeeeeeeeeeeeeeeeeee"

[[package]]
name = "winnowish"
version = "0.6.1"
source = "registry+https://github.com/rust-lang/crates.io-index"
checksum = "ffffffffffffffffffffffffffffffffffffffffffffffffffffffffffffffff"
